[[package]]
name = "async-timeout"
version = "5.0.1"
description = "Timeout context manager for asyncio programs"
category = "main"
optional = false
python-versions = ">=3.8"

[[package]]
name = "mypy"
version = "1.15.0"
description = "Optional static typing for Python"
category = "dev"
optional = false
python-versions = ">=3.9"

[package.dependencies]
mypy_extensions = ">=1.0.0"
tomli = {version = ">=1.1.0", markers = "python_version < \"3.11\""}
typing_extensions = ">=4.6.0"

[package.extras]
dmypy = ["psutil (>=4.0)"]
mypyc = ["setuptools (>=50)"]
reports = ["lxml"]
install-types = ["pip"]
faster-cache = ["orjson"]

[[package]]
name = "mypy-extensions"
version = "1.0.0"
description = "Type system extensions for programs checked with the mypy type checker."
category = "dev"
optional = false
python-versions = ">=3.5"

[[package]]
name = "pydevd-pycharm"
version = "233.14475.56"
description = "PyCharm Debugger (used in PyCharm and PyDev)"
category = "dev"
optional = false
python-versions = "*"

[[package]]
name = "redis"
version = "5.2.1"
description = "Python client for Redis database and key-value store"
category = "main"
optional = false
python-versions = ">=3.8"

[package.dependencies]
async-timeout = {version = ">=4.0.3", markers = "python_full_version < \"3.11.3\""}

[package.extras]
hiredis = ["hiredis (>=3.0.0)"]
ocsp = ["cryptography (>=36.0.1)", "pyopenssl (==23.2.1)", "requests (>=2.31.0)"]

[[package]]
name = "tenacity"
version = "8.5.0"
description = "Retry code until it succeeds"
category = "main"
optional = false
python-versions = ">=3.8"

[package.extras]
doc = ["reno", "sphinx"]
test = ["pytest", "tornado (>=4.5)", "typeguard"]

[[package]]
name = "tomli"
version = "2.2.1"
description = "A lil' TOML parser"
category = "dev"
optional = false
python-versions = ">=3.8"

[[package]]
name = "typing-extensions"
version = "4.12.2"
description = "Backported and Experimental Type Hints for Python 3.8+"
category = "dev"
optional = false
python-versions = ">=3.8"

[metadata]
lock-version = "1.1"
python-versions = "^3.10"
content-hash = "8b3d97830a547642a3415f4b9d2b7bbbdda1101910574b0b989a908b8b6c2f3b"

[metadata.files]
async-timeout = []
mypy = []
mypy-extensions = []
pydevd-pycharm = []
redis = []
tenacity = []
tomli = []
typing-extensions = []
